
Microsoft Visual Studio Solution File, Format Version 12.00
# Visual Studio Version 17
VisualStudioVersion = 17.13.35818.85 d17.13
MinimumVisualStudioVersion = 10.0.40219.1
Project("{FAE04EC0-301F-11D3-BF4B-00C04F79EFBC}") = "Model", "Model\Model.csproj", "{5B5C0B45-38CB-4AE1-85DD-99FF3184B047}"
EndProject
Project("{FAE04EC0-301F-11D3-BF4B-00C04F79EFBC}") = "Service", "Service\Service.csproj", "{3C98ADAC-79EE-4A8B-9031-6D312D17875D}"
EndProject
Project("{FAE04EC0-301F-11D3-BF4B-00C04F79EFBC}") = "View", "View\View.csproj", "{EE197B19-9829-459B-B082-8B542476D8DC}"
EndProject
Global
	GlobalSection(SolutionConfigurationPlatforms) = preSolution
		Debug|Any CPU = Debug|Any CPU
		Release|Any CPU = Release|Any CPU
	EndGlobalSection
	GlobalSection(ProjectConfigurationPlatforms) = postSolution
		{5B5C0B45-38CB-4AE1-85DD-99FF3184B047}.Debug|Any CPU.ActiveCfg = Debug|Any CPU
		{5B5C0B45-38CB-4AE1-85DD-99FF3184B047}.Debug|Any CPU.Build.0 = Debug|Any CPU
		{5B5C0B45-38CB-4AE1-85DD-99FF3184B047}.Release|Any CPU.ActiveCfg = Release|Any CPU
		{5B5C0B45-38CB-4AE1-85DD-99FF3184B047}.Release|Any CPU.Build.0 = Release|Any CPU
		{3C98ADAC-79EE-4A8B-9031-6D312D17875D}.Debug|Any CPU.ActiveCfg = Debug|Any CPU
		{3C98ADAC-79EE-4A8B-9031-6D312D17875D}.Debug|Any CPU.Build.0 = Debug|Any CPU
		{3C98ADAC-79EE-4A8B-9031-6D312D17875D}.Release|Any CPU.ActiveCfg = Release|Any CPU
		{3C98ADAC-79EE-4A8B-9031-6D312D17875D}.Release|Any CPU.Build.0 = Release|Any CPU
		{EE197B19-9829-459B-B082-8B542476D8DC}.Debug|Any CPU.ActiveCfg = Debug|Any CPU
		{EE197B19-9829-459B-B082-8B542476D8DC}.Debug|Any CPU.Build.0 = Debug|Any CPU
		{EE197B19-9829-459B-B082-8B542476D8DC}.Release|Any CPU.ActiveCfg = Release|Any CPU
		{EE197B19-9829-459B-B082-8B542476D8DC}.Release|Any CPU.Build.0 = Release|Any CPU
	EndGlobalSection
	GlobalSection(SolutionProperties) = preSolution
		HideSolutionNode = FALSE
	EndGlobalSection
	GlobalSection(ExtensibilityGlobals) = postSolution
		SolutionGuid = {F7B80A43-73A3-4529-B114-E057FAD5465C}
	EndGlobalSection
EndGlobal
